
Microsoft Visual Studio Solution File, Format Version 11.00
# Visual Studio 2010
Project("{8BC9CEB8-8B4A-11D0-8D11-00A0C91BC942}") = "3dPainting", "3dPainting\3dPainting.vcxproj", "{524BE5B8-C878-4DAF-A920-D1CD7BA02BD8}"
EndProject
Global
	GlobalSection(SolutionConfigurationPlatforms) = preSolution
		Debug|Win32 = Debug|Win32
		Release|Win32 = Release|Win32
	EndGlobalSection
	GlobalSection(ProjectConfigurationPlatforms) = postSolution
		{524BE5B8-C878-4DAF-A920-D1CD7BA02BD8}.Debug|Win32.ActiveCfg = Debug|Win32
		{524BE5B8-C878-4DAF-A920-D1CD7BA02BD8}.Debug|Win32.Build.0 = Debug|Win32
		{524BE5B8-C878-4DAF-A920-D1CD7BA02BD8}.Release|Win32.ActiveCfg = Release|Win32
		{524BE5B8-C878-4DAF-A920-D1CD7BA02BD8}.Release|Win32.Build.0 = Release|Win32
	EndGlobalSection
	GlobalSection(SolutionProperties) = preSolution
		HideSolutionNode = FALSE
	EndGlobalSection
EndGlobal
